// !$*UTF8*$!
{
	archiveVersion = 1;
	classes = {
	};
	objectVersion = 50;
	objects = {

/* Begin PBXBuildFile section */
		6A6F913F272952BC00D339C0 /* AppDelegate.swift in Sources */ = {isa = PBXBuildFile; fileRef = 6A6F913E272952BC00D339C0 /* AppDelegate.swift */; };
		6A6F9141272952BC00D339C0 /* SceneDelegate.swift in Sources */ = {isa = PBXBuildFile; fileRef = 6A6F9140272952BC00D339C0 /* SceneDelegate.swift */; };
		6A6F9143272952BC00D339C0 /* ViewController.swift in Sources */ = {isa = PBXBuildFile; fileRef = 6A6F9142272952BC00D339C0 /* ViewController.swift */; };
		6A6F9146272952BC00D339C0 /* Main.storyboard in Resources */ = {isa = PBXBuildFile; fileRef = 6A6F9144272952BC00D339C0 /* Main.storyboard */; };
		6A6F9148272952BF00D339C0 /* Assets.xcassets in Resources */ = {isa = PBXBuildFile; fileRef = 6A6F9147272952BF00D339C0 /* Assets.xcassets */; };
		6A6F914B272952BF00D339C0 /* LaunchScreen.storyboard in Resources */ = {isa = PBXBuildFile; fileRef = 6A6F9149272952BF00D339C0 /* LaunchScreen.storyboard */; };
		6ACCEC92272DD3EA005E084C /* Egg.swift in Sources */ = {isa = PBXBuildFile; fileRef = 6ACCEC91272DD3EA005E084C /* Egg.swift */; };
		6ACCEC94272DD665005E084C /* EggView.swift in Sources */ = {isa = PBXBuildFile; fileRef = 6ACCEC93272DD665005E084C /* EggView.swift */; };
		6ACCEC96272DDDA2005E084C /* SoftBoiledController.swift in Sources */ = {isa = PBXBuildFile; fileRef = 6ACCEC95272DDDA2005E084C /* SoftBoiledController.swift */; };
		6ACCEC98272DDDC9005E084C /* NormalBoiledController.swift in Sources */ = {isa = PBXBuildFile; fileRef = 6ACCEC97272DDDC9005E084C /* NormalBoiledController.swift */; };
		6ACCEC9A272DDDF1005E084C /* CoddledController.swift in Sources */ = {isa = PBXBuildFile; fileRef = 6ACCEC99272DDDF1005E084C /* CoddledController.swift */; };
		FF5EE4526223C7E4C21B11D4 /* Pods_5thWeekZoneZero.framework in Frameworks */ = {isa = PBXBuildFile; fileRef = F567A3F2016877FDDDD0F452 /* Pods_5thWeekZoneZero.framework */; };
/* End PBXBuildFile section */

/* Begin PBXFileReference section */
		507396C66678FF052075242B /* Pods-5thWeekZoneZero.release.xcconfig */ = {isa = PBXFileReference; includeInIndex = 1; lastKnownFileType = text.xcconfig; name = "Pods-5thWeekZoneZero.release.xcconfig"; path = "Target Support Files/Pods-5thWeekZoneZero/Pods-5thWeekZoneZero.release.xcconfig"; sourceTree = "<group>"; };
		6A6F913B272952BC00D339C0 /* 5thWeekZoneZero.app */ = {isa = PBXFileReference; explicitFileType = wrapper.application; includeInIndex = 0; path = 5thWeekZoneZero.app; sourceTree = BUILT_PRODUCTS_DIR; };
		6A6F913E272952BC00D339C0 /* AppDelegate.swift */ = {isa = PBXFileReference; lastKnownFileType = sourcecode.swift; path = AppDelegate.swift; sourceTree = "<group>"; };
		6A6F9140272952BC00D339C0 /* SceneDelegate.swift */ = {isa = PBXFileReference; lastKnownFileType = sourcecode.swift; path = SceneDelegate.swift; sourceTree = "<group>"; };
		6A6F9142272952BC00D339C0 /* ViewController.swift */ = {isa = PBXFileReference; lastKnownFileType = sourcecode.swift; path = ViewController.swift; sourceTree = "<group>"; };
		6A6F9145272952BC00D339C0 /* Base */ = {isa = PBXFileReference; lastKnownFileType = file.storyboard; name = Base; path = Base.lproj/Main.storyboard; sourceTree = "<group>"; };
		6A6F9147272952BF00D339C0 /* Assets.xcassets */ = {isa = PBXFileReference; lastKnownFileType = folder.assetcatalog; path = Assets.xcassets; sourceTree = "<group>"; };
		6A6F914A272952BF00D339C0 /* Base */ = {isa = PBXFileReference; lastKnownFileType = file.storyboard; name = Base; path = Base.lproj/LaunchScreen.storyboard; sourceTree = "<group>"; };
		6A6F914C272952BF00D339C0 /* Info.plist */ = {isa = PBXFileReference; lastKnownFileType = text.plist.xml; path = Info.plist; sourceTree = "<group>"; };
		6ACCEC91272DD3EA005E084C /* Egg.swift */ = {isa = PBXFileReference; lastKnownFileType = sourcecode.swift; path = Egg.swift; sourceTree = "<group>"; };
		6ACCEC93272DD665005E084C /* EggView.swift */ = {isa = PBXFileReference; lastKnownFileType = sourcecode.swift; path = EggView.swift; sourceTree = "<group>"; };
		6ACCEC95272DDDA2005E084C /* SoftBoiledController.swift */ = {isa = PBXFileReference; lastKnownFileType = sourcecode.swift; path = SoftBoiledController.swift; sourceTree = "<group>"; };
		6ACCEC97272DDDC9005E084C /* NormalBoiledController.swift */ = {isa = PBXFileReference; lastKnownFileType = sourcecode.swift; path = NormalBoiledController.swift; sourceTree = "<group>"; };
		6ACCEC99272DDDF1005E084C /* CoddledController.swift */ = {isa = PBXFileReference; lastKnownFileType = sourcecode.swift; path = CoddledController.swift; sourceTree = "<group>"; };
		BC64F017A62B64E989719358 /* Pods-5thWeekZoneZero.debug.xcconfig */ = {isa = PBXFileReference; includeInIndex = 1; lastKnownFileType = text.xcconfig; name = "Pods-5thWeekZoneZero.debug.xcconfig"; path = "Target Support Files/Pods-5thWeekZoneZero/Pods-5thWeekZoneZero.debug.xcconfig"; sourceTree = "<group>"; };
		F567A3F2016877FDDDD0F452 /* Pods_5thWeekZoneZero.framework */ = {isa = PBXFileReference; explicitFileType = wrapper.framework; includeInIndex = 0; path = Pods_5thWeekZoneZero.framework; sourceTree = BUILT_PRODUCTS_DIR; };
/* End PBXFileReference section */

/* Begin PBXFrameworksBuildPhase section */
		6A6F9138272952BC00D339C0 /* Frameworks */ = {
			isa = PBXFrameworksBuildPhase;
			buildActionMask = 2147483647;
			files = (
				FF5EE4526223C7E4C21B11D4 /* Pods_5thWeekZoneZero.framework in Frameworks */,
			);
			runOnlyForDeploymentPostprocessing = 0;
		};
/* End PBXFrameworksBuildPhase section */

/* Begin PBXGroup section */
		04A24FDE0EA5DDDA4486C637 /* Pods */ = {
			isa = PBXGroup;
			children = (
				BC64F017A62B64E989719358 /* Pods-5thWeekZoneZero.debug.xcconfig */,
				507396C66678FF052075242B /* Pods-5thWeekZoneZero.release.xcconfig */,
			);
			path = Pods;
			sourceTree = "<group>";
		};
		63BB71921F2680A6FA6FB89A /* Frameworks */ = {
			isa = PBXGroup;
			children = (
				F567A3F2016877FDDDD0F452 /* Pods_5thWeekZoneZero.framework */,
			);
			name = Frameworks;
			sourceTree = "<group>";
		};
		6A6F9132272952BC00D339C0 = {
			isa = PBXGroup;
			children = (
				6A6F913D272952BC00D339C0 /* 5thWeekZoneZero */,
				6A6F913C272952BC00D339C0 /* Products */,
				04A24FDE0EA5DDDA4486C637 /* Pods */,
				63BB71921F2680A6FA6FB89A /* Frameworks */,
			);
			sourceTree = "<group>";
		};
		6A6F913C272952BC00D339C0 /* Products */ = {
			isa = PBXGroup;
			children = (
				6A6F913B272952BC00D339C0 /* 5thWeekZoneZero.app */,
			);
			name = Products;
			sourceTree = "<group>";
		};
		6A6F913D272952BC00D339C0 /* 5thWeekZoneZero */ = {
			isa = PBXGroup;
			children = (
				6ACCEC90272DD365005E084C /* Controller */,
				6ACCEC8F272DD35E005E084C /* View */,
				6ACCEC8E272DD358005E084C /* Model */,
				6A6F913E272952BC00D339C0 /* AppDelegate.swift */,
				6A6F9140272952BC00D339C0 /* SceneDelegate.swift */,
				6A6F9144272952BC00D339C0 /* Main.storyboard */,
				6A6F9147272952BF00D339C0 /* Assets.xcassets */,
				6A6F9149272952BF00D339C0 /* LaunchScreen.storyboard */,
				6A6F914C272952BF00D339C0 /* Info.plist */,
			);
			path = 5thWeekZoneZero;
			sourceTree = "<group>";
		};
		6ACCEC8E272DD358005E084C /* Model */ = {
			isa = PBXGroup;
			children = (
				6ACCEC91272DD3EA005E084C /* Egg.swift */,
			);
			path = Model;
			sourceTree = "<group>";
		};
		6ACCEC8F272DD35E005E084C /* View */ = {
			isa = PBXGroup;
			children = (
				6ACCEC93272DD665005E084C /* EggView.swift */,
			);
			path = View;
			sourceTree = "<group>";
		};
		6ACCEC90272DD365005E084C /* Controller */ = {
			isa = PBXGroup;
			children = (
				6A6F9142272952BC00D339C0 /* ViewController.swift */,
				6ACCEC95272DDDA2005E084C /* SoftBoiledController.swift */,
				6ACCEC97272DDDC9005E084C /* NormalBoiledController.swift */,
				6ACCEC99272DDDF1005E084C /* CoddledController.swift */,
			);
			path = Controller;
			sourceTree = "<group>";
		};
/* End PBXGroup section */

/* Begin PBXNativeTarget section */
		6A6F913A272952BC00D339C0 /* 5thWeekZoneZero */ = {
			isa = PBXNativeTarget;
			buildConfigurationList = 6A6F914F272952BF00D339C0 /* Build configuration list for PBXNativeTarget "5thWeekZoneZero" */;
			buildPhases = (
				6E3AC218279D8256622E5DB2 /* [CP] Check Pods Manifest.lock */,
				6A6F91522729544800D339C0 /* Run SwifLint */,
				6A6F9137272952BC00D339C0 /* Sources */,
				6A6F9138272952BC00D339C0 /* Frameworks */,
				6A6F9139272952BC00D339C0 /* Resources */,
			);
			buildRules = (
			);
			dependencies = (
			);
			name = 5thWeekZoneZero;
			productName = 5thWeekZoneZero;
			productReference = 6A6F913B272952BC00D339C0 /* 5thWeekZoneZero.app */;
			productType = "com.apple.product-type.application";
		};
/* End PBXNativeTarget section */

/* Begin PBXProject section */
		6A6F9133272952BC00D339C0 /* Project object */ = {
			isa = PBXProject;
			attributes = {
				LastSwiftUpdateCheck = 1250;
				LastUpgradeCheck = 1250;
				TargetAttributes = {
					6A6F913A272952BC00D339C0 = {
						CreatedOnToolsVersion = 12.5.1;
					};
				};
			};
			buildConfigurationList = 6A6F9136272952BC00D339C0 /* Build configuration list for PBXProject "5thWeekZoneZero" */;
			compatibilityVersion = "Xcode 9.3";
			developmentRegion = en;
			hasScannedForEncodings = 0;
			knownRegions = (
				en,
				Base,
			);
			mainGroup = 6A6F9132272952BC00D339C0;
			productRefGroup = 6A6F913C272952BC00D339C0 /* Products */;
			projectDirPath = "";
			projectRoot = "";
			targets = (
				6A6F913A272952BC00D339C0 /* 5thWeekZoneZero */,
			);
		};
/* End PBXProject section */

/* Begin PBXResourcesBuildPhase section */
		6A6F9139272952BC00D339C0 /* Resources */ = {
			isa = PBXResourcesBuildPhase;
			buildActionMask = 2147483647;
			files = (
				6A6F914B272952BF00D339C0 /* LaunchScreen.storyboard in Resources */,
				6A6F9148272952BF00D339C0 /* Assets.xcassets in Resources */,
				6A6F9146272952BC00D339C0 /* Main.storyboard in Resources */,
			);
			runOnlyForDeploymentPostprocessing = 0;
		};
/* End PBXResourcesBuildPhase section */

/* Begin PBXShellScriptBuildPhase section */
		6A6F91522729544800D339C0 /* Run SwifLint */ = {
			isa = PBXShellScriptBuildPhase;
			buildActionMask = 2147483647;
			files = (
			);
			inputFileListPaths = (
			);
			inputPaths = (
			);
			name = "Run SwifLint";
			outputFileListPaths = (
			);
			outputPaths = (
			);
			runOnlyForDeploymentPostprocessing = 0;
			shellPath = /bin/sh;
			shellScript = "\"${PODS_ROOT}/SwiftLint/swiftlint\"\n";
		};
		6E3AC218279D8256622E5DB2 /* [CP] Check Pods Manifest.lock */ = {
			isa = PBXShellScriptBuildPhase;
			buildActionMask = 2147483647;
			files = (
			);
			inputFileListPaths = (
			);
			inputPaths = (
				"${PODS_PODFILE_DIR_PATH}/Podfile.lock",
				"${PODS_ROOT}/Manifest.lock",
			);
			name = "[CP] Check Pods Manifest.lock";
			outputFileListPaths = (
			);
			outputPaths = (
				"$(DERIVED_FILE_DIR)/Pods-5thWeekZoneZero-checkManifestLockResult.txt",
			);
			runOnlyForDeploymentPostprocessing = 0;
			shellPath = /bin/sh;
			shellScript = "diff \"${PODS_PODFILE_DIR_PATH}/Podfile.lock\" \"${PODS_ROOT}/Manifest.lock\" > /dev/null\nif [ $? != 0 ] ; then\n    # print error to STDERR\n    echo \"error: The sandbox is not in sync with the Podfile.lock. Run 'pod install' or update your CocoaPods installation.\" >&2\n    exit 1\nfi\n# This output is used by Xcode 'outputs' to avoid re-running this script phase.\necho \"SUCCESS\" > \"${SCRIPT_OUTPUT_FILE_0}\"\n";
			showEnvVarsInLog = 0;
		};
/* End PBXShellScriptBuildPhase section */

/* Begin PBXSourcesBuildPhase section */
		6A6F9137272952BC00D339C0 /* Sources */ = {
			isa = PBXSourcesBuildPhase;
			buildActionMask = 2147483647;
			files = (
				6ACCEC96272DDDA2005E084C /* SoftBoiledController.swift in Sources */,
				6ACCEC94272DD665005E084C /* EggView.swift in Sources */,
				6A6F9143272952BC00D339C0 /* ViewController.swift in Sources */,
				6A6F913F272952BC00D339C0 /* AppDelegate.swift in Sources */,
				6ACCEC98272DDDC9005E084C /* NormalBoiledController.swift in Sources */,
				6ACCEC9A272DDDF1005E084C /* CoddledController.swift in Sources */,
				6A6F9141272952BC00D339C0 /* SceneDelegate.swift in Sources */,
				6ACCEC92272DD3EA005E084C /* Egg.swift in Sources */,
			);
			runOnlyForDeploymentPostprocessing = 0;
		};
/* End PBXSourcesBuildPhase section */

/* Begin PBXVariantGroup section */
		6A6F9144272952BC00D339C0 /* Main.storyboard */ = {
			isa = PBXVariantGroup;
			children = (
				6A6F9145272952BC00D339C0 /* Base */,
			);
			name = Main.storyboard;
			sourceTree = "<group>";
		};
		6A6F9149272952BF00D339C0 /* LaunchScreen.storyboard */ = {
			isa = PBXVariantGroup;
			children = (
				6A6F914A272952BF00D339C0 /* Base */,
			);
			name = LaunchScreen.storyboard;
			sourceTree = "<group>";
		};
/* End PBXVariantGroup section */

/* Begin XCBuildConfiguration section */
		6A6F914D272952BF00D339C0 /* Debug */ = {
			isa = XCBuildConfiguration;
			buildSettings = {
				ALWAYS_SEARCH_USER_PATHS = NO;
				CLANG_ANALYZER_NONNULL = YES;
				CLANG_ANALYZER_NUMBER_OBJECT_CONVERSION = YES_AGGRESSIVE;
				CLANG_CXX_LANGUAGE_STANDARD = "gnu++14";
				CLANG_CXX_LIBRARY = "libc++";
				CLANG_ENABLE_MODULES = YES;
				CLANG_ENABLE_OBJC_ARC = YES;
				CLANG_ENABLE_OBJC_WEAK = YES;
				CLANG_WARN_BLOCK_CAPTURE_AUTORELEASING = YES;
				CLANG_WARN_BOOL_CONVERSION = YES;
				CLANG_WARN_COMMA = YES;
				CLANG_WARN_CONSTANT_CONVERSION = YES;
				CLANG_WARN_DEPRECATED_OBJC_IMPLEMENTATIONS = YES;
				CLANG_WARN_DIRECT_OBJC_ISA_USAGE = YES_ERROR;
				CLANG_WARN_DOCUMENTATION_COMMENTS = YES;
				CLANG_WARN_EMPTY_BODY = YES;
				CLANG_WARN_ENUM_CONVERSION = YES;
				CLANG_WARN_INFINITE_RECURSION = YES;
				CLANG_WARN_INT_CONVERSION = YES;
				CLANG_WARN_NON_LITERAL_NULL_CONVERSION = YES;
				CLANG_WARN_OBJC_IMPLICIT_RETAIN_SELF = YES;
				CLANG_WARN_OBJC_LITERAL_CONVERSION = YES;
				CLANG_WARN_OBJC_ROOT_CLASS = YES_ERROR;
				CLANG_WARN_QUOTED_INCLUDE_IN_FRAMEWORK_HEADER = YES;
				CLANG_WARN_RANGE_LOOP_ANALYSIS = YES;
				CLANG_WARN_STRICT_PROTOTYPES = YES;
				CLANG_WARN_SUSPICIOUS_MOVE = YES;
				CLANG_WARN_UNGUARDED_AVAILABILITY = YES_AGGRESSIVE;
				CLANG_WARN_UNREACHABLE_CODE = YES;
				CLANG_WARN__DUPLICATE_METHOD_MATCH = YES;
				COPY_PHASE_STRIP = NO;
				DEBUG_INFORMATION_FORMAT = dwarf;
				ENABLE_STRICT_OBJC_MSGSEND = YES;
				ENABLE_TESTABILITY = YES;
				GCC_C_LANGUAGE_STANDARD = gnu11;
				GCC_DYNAMIC_NO_PIC = NO;
				GCC_NO_COMMON_BLOCKS = YES;
				GCC_OPTIMIZATION_LEVEL = 0;
				GCC_PREPROCESSOR_DEFINITIONS = (
					"DEBUG=1",
					"$(inherited)",
				);
				GCC_WARN_64_TO_32_BIT_CONVERSION = YES;
				GCC_WARN_ABOUT_RETURN_TYPE = YES_ERROR;
				GCC_WARN_UNDECLARED_SELECTOR = YES;
				GCC_WARN_UNINITIALIZED_AUTOS = YES_AGGRESSIVE;
				GCC_WARN_UNUSED_FUNCTION = YES;
				GCC_WARN_UNUSED_VARIABLE = YES;
				IPHONEOS_DEPLOYMENT_TARGET = 14.5;
				MTL_ENABLE_DEBUG_INFO = INCLUDE_SOURCE;
				MTL_FAST_MATH = YES;
				ONLY_ACTIVE_ARCH = YES;
				SDKROOT = iphoneos;
				SWIFT_ACTIVE_COMPILATION_CONDITIONS = DEBUG;
				SWIFT_OPTIMIZATION_LEVEL = "-Onone";
			};
			name = Debug;
		};
		6A6F914E272952BF00D339C0 /* Release */ = {
			isa = XCBuildConfiguration;
			buildSettings = {
				ALWAYS_SEARCH_USER_PATHS = NO;
				CLANG_ANALYZER_NONNULL = YES;
				CLANG_ANALYZER_NUMBER_OBJECT_CONVERSION = YES_AGGRESSIVE;
				CLANG_CXX_LANGUAGE_STANDARD = "gnu++14";
				CLANG_CXX_LIBRARY = "libc++";
				CLANG_ENABLE_MODULES = YES;
				CLANG_ENABLE_OBJC_ARC = YES;
				CLANG_ENABLE_OBJC_WEAK = YES;
				CLANG_WARN_BLOCK_CAPTURE_AUTORELEASING = YES;
				CLANG_WARN_BOOL_CONVERSION = YES;
				CLANG_WARN_COMMA = YES;
				CLANG_WARN_CONSTANT_CONVERSION = YES;
				CLANG_WARN_DEPRECATED_OBJC_IMPLEMENTATIONS = YES;
				CLANG_WARN_DIRECT_OBJC_ISA_USAGE = YES_ERROR;
				CLANG_WARN_DOCUMENTATION_COMMENTS = YES;
				CLANG_WARN_EMPTY_BODY = YES;
				CLANG_WARN_ENUM_CONVERSION = YES;
				CLANG_WARN_INFINITE_RECURSION = YES;
				CLANG_WARN_INT_CONVERSION = YES;
				CLANG_WARN_NON_LITERAL_NULL_CONVERSION = YES;
				CLANG_WARN_OBJC_IMPLICIT_RETAIN_SELF = YES;
				CLANG_WARN_OBJC_LITERAL_CONVERSION = YES;
				CLANG_WARN_OBJC_ROOT_CLASS = YES_ERROR;
				CLANG_WARN_QUOTED_INCLUDE_IN_FRAMEWORK_HEADER = YES;
				CLANG_WARN_RANGE_LOOP_ANALYSIS = YES;
				CLANG_WARN_STRICT_PROTOTYPES = YES;
				CLANG_WARN_SUSPICIOUS_MOVE = YES;
				CLANG_WARN_UNGUARDED_AVAILABILITY = YES_AGGRESSIVE;
				CLANG_WARN_UNREACHABLE_CODE = YES;
				CLANG_WARN__DUPLICATE_METHOD_MATCH = YES;
				COPY_PHASE_STRIP = NO;
				DEBUG_INFORMATION_FORMAT = "dwarf-with-dsym";
				ENABLE_NS_ASSERTIONS = NO;
				ENABLE_STRICT_OBJC_MSGSEND = YES;
				GCC_C_LANGUAGE_STANDARD = gnu11;
				GCC_NO_COMMON_BLOCKS = YES;
				GCC_WARN_64_TO_32_BIT_CONVERSION = YES;
				GCC_WARN_ABOUT_RETURN_TYPE = YES_ERROR;
				GCC_WARN_UNDECLARED_SELECTOR = YES;
				GCC_WARN_UNINITIALIZED_AUTOS = YES_AGGRESSIVE;
				GCC_WARN_UNUSED_FUNCTION = YES;
				GCC_WARN_UNUSED_VARIABLE = YES;
				IPHONEOS_DEPLOYMENT_TARGET = 14.5;
				MTL_ENABLE_DEBUG_INFO = NO;
				MTL_FAST_MATH = YES;
				SDKROOT = iphoneos;
				SWIFT_COMPILATION_MODE = wholemodule;
				SWIFT_OPTIMIZATION_LEVEL = "-O";
				VALIDATE_PRODUCT = YES;
			};
			name = Release;
		};
		6A6F9150272952BF00D339C0 /* Debug */ = {
			isa = XCBuildConfiguration;
			baseConfigurationReference = BC64F017A62B64E989719358 /* Pods-5thWeekZoneZero.debug.xcconfig */;
			buildSettings = {
				ASSETCATALOG_COMPILER_APPICON_NAME = AppIcon;
				ASSETCATALOG_COMPILER_GLOBAL_ACCENT_COLOR_NAME = AccentColor;
				CODE_SIGN_STYLE = Automatic;
				DEVELOPMENT_TEAM = T2Z6Q6SV9B;
				INFOPLIST_FILE = 5thWeekZoneZero/Info.plist;
				LD_RUNPATH_SEARCH_PATHS = (
					"$(inherited)",
					"@executable_path/Frameworks",
				);
				PRODUCT_BUNDLE_IDENTIFIER = "com.mbk.-thWeekZoneZero";
				PRODUCT_NAME = "$(TARGET_NAME)";
				SWIFT_VERSION = 5.0;
				TARGETED_DEVICE_FAMILY = "1,2";
			};
			name = Debug;
		};
		6A6F9151272952BF00D339C0 /* Release */ = {
			isa = XCBuildConfiguration;
			baseConfigurationReference = 507396C66678FF052075242B /* Pods-5thWeekZoneZero.release.xcconfig */;
			buildSettings = {
				ASSETCATALOG_COMPILER_APPICON_NAME = AppIcon;
				ASSETCATALOG_COMPILER_GLOBAL_ACCENT_COLOR_NAME = AccentColor;
				CODE_SIGN_STYLE = Automatic;
				DEVELOPMENT_TEAM = T2Z6Q6SV9B;
				INFOPLIST_FILE = 5thWeekZoneZero/Info.plist;
				LD_RUNPATH_SEARCH_PATHS = (
					"$(inherited)",
					"@executable_path/Frameworks",
				);
				PRODUCT_BUNDLE_IDENTIFIER = "com.mbk.-thWeekZoneZero";
				PRODUCT_NAME = "$(TARGET_NAME)";
				SWIFT_VERSION = 5.0;
				TARGETED_DEVICE_FAMILY = "1,2";
			};
			name = Release;
		};
/* End XCBuildConfiguration section */

/* Begin XCConfigurationList section */
		6A6F9136272952BC00D339C0 /* Build configuration list for PBXProject "5thWeekZoneZero" */ = {
			isa = XCConfigurationList;
			buildConfigurations = (
				6A6F914D272952BF00D339C0 /* Debug */,
				6A6F914E272952BF00D339C0 /* Release */,
			);
			defaultConfigurationIsVisible = 0;
			defaultConfigurationName = Release;
		};
		6A6F914F272952BF00D339C0 /* Build configuration list for PBXNativeTarget "5thWeekZoneZero" */ = {
			isa = XCConfigurationList;
			buildConfigurations = (
				6A6F9150272952BF00D339C0 /* Debug */,
				6A6F9151272952BF00D339C0 /* Release */,
			);
			defaultConfigurationIsVisible = 0;
			defaultConfigurationName = Release;
		};
/* End XCConfigurationList section */
	};
	rootObject = 6A6F9133272952BC00D339C0 /* Project object */;
}
